
Microsoft Visual Studio Solution File, Format Version 11.00
# Visual Studio 2010
Project("{FAE04EC0-301F-11D3-BF4B-00C04F79EFBC}") = "AudienceNetworkSample", "AudienceNetworkSample\AudienceNetworkSample.csproj", "{EA782991-B6AC-4F94-9BDA-E61A09E9A556}"
EndProject
Project("{FAE04EC0-301F-11D3-BF4B-00C04F79EFBC}") = "audience-network-sdk", "..\source\audience-network-sdk\audience-network-sdk.csproj", "{D85A64E7-C2BA-4F62-BC7D-66F004139B2D}"
EndProject
Global
	GlobalSection(SolutionConfigurationPlatforms) = preSolution
		Debug|Any CPU = Debug|Any CPU
		Release|Any CPU = Release|Any CPU
	EndGlobalSection
	GlobalSection(ProjectConfigurationPlatforms) = postSolution
		{EA782991-B6AC-4F94-9BDA-E61A09E9A556}.Debug|Any CPU.ActiveCfg = Debug|Any CPU
		{EA782991-B6AC-4F94-9BDA-E61A09E9A556}.Debug|Any CPU.Build.0 = Debug|Any CPU
		{EA782991-B6AC-4F94-9BDA-E61A09E9A556}.Release|Any CPU.ActiveCfg = Release|Any CPU
		{EA782991-B6AC-4F94-9BDA-E61A09E9A556}.Release|Any CPU.Build.0 = Release|Any CPU
		{D85A64E7-C2BA-4F62-BC7D-66F004139B2D}.Debug|Any CPU.ActiveCfg = Debug|Any CPU
		{D85A64E7-C2BA-4F62-BC7D-66F004139B2D}.Debug|Any CPU.Build.0 = Debug|Any CPU
		{D85A64E7-C2BA-4F62-BC7D-66F004139B2D}.Release|Any CPU.ActiveCfg = Release|Any CPU
		{D85A64E7-C2BA-4F62-BC7D-66F004139B2D}.Release|Any CPU.Build.0 = Release|Any CPU
	EndGlobalSection
EndGlobal
