
Microsoft Visual Studio Solution File, Format Version 12.00
# Visual Studio 2012
Project("{FAE04EC0-301F-11D3-BF4B-00C04F79EFBC}") = "MessengerShareKitSample", "MessengerShareKitSample\MessengerShareKitSample.csproj", "{1D04D341-005D-4B5B-BFCE-94406102632F}"
EndProject
Project("{FAE04EC0-301F-11D3-BF4B-00C04F79EFBC}") = "Facebook.MessengerShareKit", "..\..\source\Facebook.MessengerShareKit\Facebook.MessengerShareKit.csproj", "{B1F41424-944E-49B8-9BEB-3F1D4B17731A}"
EndProject
Global
	GlobalSection(SolutionConfigurationPlatforms) = preSolution
		Debug|iPhoneSimulator = Debug|iPhoneSimulator
		Release|iPhone = Release|iPhone
		Release|iPhoneSimulator = Release|iPhoneSimulator
		Debug|iPhone = Debug|iPhone
	EndGlobalSection
	GlobalSection(ProjectConfigurationPlatforms) = postSolution
		{1D04D341-005D-4B5B-BFCE-94406102632F}.Debug|iPhoneSimulator.ActiveCfg = Debug|iPhoneSimulator
		{1D04D341-005D-4B5B-BFCE-94406102632F}.Debug|iPhoneSimulator.Build.0 = Debug|iPhoneSimulator
		{1D04D341-005D-4B5B-BFCE-94406102632F}.Release|iPhone.ActiveCfg = Release|iPhone
		{1D04D341-005D-4B5B-BFCE-94406102632F}.Release|iPhone.Build.0 = Release|iPhone
		{1D04D341-005D-4B5B-BFCE-94406102632F}.Release|iPhoneSimulator.ActiveCfg = Release|iPhoneSimulator
		{1D04D341-005D-4B5B-BFCE-94406102632F}.Release|iPhoneSimulator.Build.0 = Release|iPhoneSimulator
		{1D04D341-005D-4B5B-BFCE-94406102632F}.Debug|iPhone.ActiveCfg = Debug|iPhone
		{1D04D341-005D-4B5B-BFCE-94406102632F}.Debug|iPhone.Build.0 = Debug|iPhone
		{B1F41424-944E-49B8-9BEB-3F1D4B17731A}.Debug|iPhoneSimulator.ActiveCfg = Debug|Any CPU
		{B1F41424-944E-49B8-9BEB-3F1D4B17731A}.Debug|iPhoneSimulator.Build.0 = Debug|Any CPU
		{B1F41424-944E-49B8-9BEB-3F1D4B17731A}.Release|iPhone.ActiveCfg = Release|Any CPU
		{B1F41424-944E-49B8-9BEB-3F1D4B17731A}.Release|iPhone.Build.0 = Release|Any CPU
		{B1F41424-944E-49B8-9BEB-3F1D4B17731A}.Release|iPhoneSimulator.ActiveCfg = Release|Any CPU
		{B1F41424-944E-49B8-9BEB-3F1D4B17731A}.Release|iPhoneSimulator.Build.0 = Release|Any CPU
		{B1F41424-944E-49B8-9BEB-3F1D4B17731A}.Debug|iPhone.ActiveCfg = Debug|Any CPU
		{B1F41424-944E-49B8-9BEB-3F1D4B17731A}.Debug|iPhone.Build.0 = Debug|Any CPU
	EndGlobalSection
EndGlobal
