
Microsoft Visual Studio Solution File, Format Version 12.00
# Visual Studio 2012
Project("{FAE04EC0-301F-11D3-BF4B-00C04F79EFBC}") = "FacebookiOSSample", "FacebookiOSSample.csproj", "{FB530EE3-BAED-46B1-9703-D33D85E58A92}"
EndProject
Project("{FAE04EC0-301F-11D3-BF4B-00C04F79EFBC}") = "Facebook.CoreKit", "..\..\..\CoreKit\source\Facebook.CoreKit\Facebook.CoreKit.csproj", "{5B88D7C7-6E76-4D0D-8DBE-B3F0A5D6B8A0}"
EndProject
Project("{FAE04EC0-301F-11D3-BF4B-00C04F79EFBC}") = "Facebook.LoginKit", "..\..\..\LoginKit\source\Facebook.LoginKit\Facebook.LoginKit.csproj", "{8C6EFD7E-1512-4976-8E47-CF189BF6CB90}"
EndProject
Project("{FAE04EC0-301F-11D3-BF4B-00C04F79EFBC}") = "Facebook.MessengerShareKit", "..\..\..\MessengerShareKit\source\Facebook.MessengerShareKit\Facebook.MessengerShareKit.csproj", "{B1F41424-944E-49B8-9BEB-3F1D4B17731A}"
EndProject
Project("{FAE04EC0-301F-11D3-BF4B-00C04F79EFBC}") = "Facebook.PlacesKit", "..\..\..\PlacesKit\source\Facebook.PlacesKit\Facebook.PlacesKit.csproj", "{30556F40-CE2F-413B-9031-5A7A037AE1C9}"
EndProject
Project("{FAE04EC0-301F-11D3-BF4B-00C04F79EFBC}") = "Facebook.ShareKit", "..\..\..\ShareKit\source\Facebook.ShareKit\Facebook.ShareKit.csproj", "{170FAF51-4DF1-4271-B843-3257D285E864}"
EndProject
Global
	GlobalSection(SolutionConfigurationPlatforms) = preSolution
		Debug|iPhoneSimulator = Debug|iPhoneSimulator
		Release|iPhone = Release|iPhone
		Release|iPhoneSimulator = Release|iPhoneSimulator
		Debug|iPhone = Debug|iPhone
		Debug|Any CPU = Debug|Any CPU
		Release|Any CPU = Release|Any CPU
	EndGlobalSection
	GlobalSection(ProjectConfigurationPlatforms) = postSolution
		{FB530EE3-BAED-46B1-9703-D33D85E58A92}.Debug|Any CPU.ActiveCfg = Debug|iPhoneSimulator
		{FB530EE3-BAED-46B1-9703-D33D85E58A92}.Debug|Any CPU.Build.0 = Debug|iPhoneSimulator
		{FB530EE3-BAED-46B1-9703-D33D85E58A92}.Debug|iPhone.ActiveCfg = Debug|iPhone
		{FB530EE3-BAED-46B1-9703-D33D85E58A92}.Debug|iPhone.Build.0 = Debug|iPhone
		{FB530EE3-BAED-46B1-9703-D33D85E58A92}.Debug|iPhoneSimulator.ActiveCfg = Debug|iPhoneSimulator
		{FB530EE3-BAED-46B1-9703-D33D85E58A92}.Debug|iPhoneSimulator.Build.0 = Debug|iPhoneSimulator
		{FB530EE3-BAED-46B1-9703-D33D85E58A92}.Release|Any CPU.ActiveCfg = Release|iPhone
		{FB530EE3-BAED-46B1-9703-D33D85E58A92}.Release|Any CPU.Build.0 = Release|iPhone
		{FB530EE3-BAED-46B1-9703-D33D85E58A92}.Release|iPhone.ActiveCfg = Release|iPhone
		{FB530EE3-BAED-46B1-9703-D33D85E58A92}.Release|iPhone.Build.0 = Release|iPhone
		{FB530EE3-BAED-46B1-9703-D33D85E58A92}.Release|iPhoneSimulator.ActiveCfg = Release|iPhoneSimulator
		{FB530EE3-BAED-46B1-9703-D33D85E58A92}.Release|iPhoneSimulator.Build.0 = Release|iPhoneSimulator
		{5B88D7C7-6E76-4D0D-8DBE-B3F0A5D6B8A0}.Debug|iPhoneSimulator.ActiveCfg = Debug|Any CPU
		{5B88D7C7-6E76-4D0D-8DBE-B3F0A5D6B8A0}.Debug|iPhoneSimulator.Build.0 = Debug|Any CPU
		{5B88D7C7-6E76-4D0D-8DBE-B3F0A5D6B8A0}.Release|iPhone.ActiveCfg = Release|Any CPU
		{5B88D7C7-6E76-4D0D-8DBE-B3F0A5D6B8A0}.Release|iPhone.Build.0 = Release|Any CPU
		{5B88D7C7-6E76-4D0D-8DBE-B3F0A5D6B8A0}.Release|iPhoneSimulator.ActiveCfg = Release|Any CPU
		{5B88D7C7-6E76-4D0D-8DBE-B3F0A5D6B8A0}.Release|iPhoneSimulator.Build.0 = Release|Any CPU
		{5B88D7C7-6E76-4D0D-8DBE-B3F0A5D6B8A0}.Debug|iPhone.ActiveCfg = Debug|Any CPU
		{5B88D7C7-6E76-4D0D-8DBE-B3F0A5D6B8A0}.Debug|iPhone.Build.0 = Debug|Any CPU
		{5B88D7C7-6E76-4D0D-8DBE-B3F0A5D6B8A0}.Debug|Any CPU.ActiveCfg = Debug|Any CPU
		{5B88D7C7-6E76-4D0D-8DBE-B3F0A5D6B8A0}.Debug|Any CPU.Build.0 = Debug|Any CPU
		{5B88D7C7-6E76-4D0D-8DBE-B3F0A5D6B8A0}.Release|Any CPU.ActiveCfg = Release|Any CPU
		{5B88D7C7-6E76-4D0D-8DBE-B3F0A5D6B8A0}.Release|Any CPU.Build.0 = Release|Any CPU
		{8C6EFD7E-1512-4976-8E47-CF189BF6CB90}.Debug|iPhoneSimulator.ActiveCfg = Debug|Any CPU
		{8C6EFD7E-1512-4976-8E47-CF189BF6CB90}.Debug|iPhoneSimulator.Build.0 = Debug|Any CPU
		{8C6EFD7E-1512-4976-8E47-CF189BF6CB90}.Release|iPhone.ActiveCfg = Release|Any CPU
		{8C6EFD7E-1512-4976-8E47-CF189BF6CB90}.Release|iPhone.Build.0 = Release|Any CPU
		{8C6EFD7E-1512-4976-8E47-CF189BF6CB90}.Release|iPhoneSimulator.ActiveCfg = Release|Any CPU
		{8C6EFD7E-1512-4976-8E47-CF189BF6CB90}.Release|iPhoneSimulator.Build.0 = Release|Any CPU
		{8C6EFD7E-1512-4976-8E47-CF189BF6CB90}.Debug|iPhone.ActiveCfg = Debug|Any CPU
		{8C6EFD7E-1512-4976-8E47-CF189BF6CB90}.Debug|iPhone.Build.0 = Debug|Any CPU
		{8C6EFD7E-1512-4976-8E47-CF189BF6CB90}.Debug|Any CPU.ActiveCfg = Debug|Any CPU
		{8C6EFD7E-1512-4976-8E47-CF189BF6CB90}.Debug|Any CPU.Build.0 = Debug|Any CPU
		{8C6EFD7E-1512-4976-8E47-CF189BF6CB90}.Release|Any CPU.ActiveCfg = Release|Any CPU
		{8C6EFD7E-1512-4976-8E47-CF189BF6CB90}.Release|Any CPU.Build.0 = Release|Any CPU
		{B1F41424-944E-49B8-9BEB-3F1D4B17731A}.Debug|iPhoneSimulator.ActiveCfg = Debug|Any CPU
		{B1F41424-944E-49B8-9BEB-3F1D4B17731A}.Debug|iPhoneSimulator.Build.0 = Debug|Any CPU
		{B1F41424-944E-49B8-9BEB-3F1D4B17731A}.Release|iPhone.ActiveCfg = Release|Any CPU
		{B1F41424-944E-49B8-9BEB-3F1D4B17731A}.Release|iPhone.Build.0 = Release|Any CPU
		{B1F41424-944E-49B8-9BEB-3F1D4B17731A}.Release|iPhoneSimulator.ActiveCfg = Release|Any CPU
		{B1F41424-944E-49B8-9BEB-3F1D4B17731A}.Release|iPhoneSimulator.Build.0 = Release|Any CPU
		{B1F41424-944E-49B8-9BEB-3F1D4B17731A}.Debug|iPhone.ActiveCfg = Debug|Any CPU
		{B1F41424-944E-49B8-9BEB-3F1D4B17731A}.Debug|iPhone.Build.0 = Debug|Any CPU
		{B1F41424-944E-49B8-9BEB-3F1D4B17731A}.Debug|Any CPU.ActiveCfg = Debug|Any CPU
		{B1F41424-944E-49B8-9BEB-3F1D4B17731A}.Debug|Any CPU.Build.0 = Debug|Any CPU
		{B1F41424-944E-49B8-9BEB-3F1D4B17731A}.Release|Any CPU.ActiveCfg = Release|Any CPU
		{B1F41424-944E-49B8-9BEB-3F1D4B17731A}.Release|Any CPU.Build.0 = Release|Any CPU
		{30556F40-CE2F-413B-9031-5A7A037AE1C9}.Debug|iPhoneSimulator.ActiveCfg = Debug|Any CPU
		{30556F40-CE2F-413B-9031-5A7A037AE1C9}.Debug|iPhoneSimulator.Build.0 = Debug|Any CPU
		{30556F40-CE2F-413B-9031-5A7A037AE1C9}.Release|iPhone.ActiveCfg = Release|Any CPU
		{30556F40-CE2F-413B-9031-5A7A037AE1C9}.Release|iPhone.Build.0 = Release|Any CPU
		{30556F40-CE2F-413B-9031-5A7A037AE1C9}.Release|iPhoneSimulator.ActiveCfg = Release|Any CPU
		{30556F40-CE2F-413B-9031-5A7A037AE1C9}.Release|iPhoneSimulator.Build.0 = Release|Any CPU
		{30556F40-CE2F-413B-9031-5A7A037AE1C9}.Debug|iPhone.ActiveCfg = Debug|Any CPU
		{30556F40-CE2F-413B-9031-5A7A037AE1C9}.Debug|iPhone.Build.0 = Debug|Any CPU
		{30556F40-CE2F-413B-9031-5A7A037AE1C9}.Debug|Any CPU.ActiveCfg = Debug|Any CPU
		{30556F40-CE2F-413B-9031-5A7A037AE1C9}.Debug|Any CPU.Build.0 = Debug|Any CPU
		{30556F40-CE2F-413B-9031-5A7A037AE1C9}.Release|Any CPU.ActiveCfg = Release|Any CPU
		{30556F40-CE2F-413B-9031-5A7A037AE1C9}.Release|Any CPU.Build.0 = Release|Any CPU
		{170FAF51-4DF1-4271-B843-3257D285E864}.Debug|iPhoneSimulator.ActiveCfg = Debug|Any CPU
		{170FAF51-4DF1-4271-B843-3257D285E864}.Debug|iPhoneSimulator.Build.0 = Debug|Any CPU
		{170FAF51-4DF1-4271-B843-3257D285E864}.Release|iPhone.ActiveCfg = Release|Any CPU
		{170FAF51-4DF1-4271-B843-3257D285E864}.Release|iPhone.Build.0 = Release|Any CPU
		{170FAF51-4DF1-4271-B843-3257D285E864}.Release|iPhoneSimulator.ActiveCfg = Release|Any CPU
		{170FAF51-4DF1-4271-B843-3257D285E864}.Release|iPhoneSimulator.Build.0 = Release|Any CPU
		{170FAF51-4DF1-4271-B843-3257D285E864}.Debug|iPhone.ActiveCfg = Debug|Any CPU
		{170FAF51-4DF1-4271-B843-3257D285E864}.Debug|iPhone.Build.0 = Debug|Any CPU
		{170FAF51-4DF1-4271-B843-3257D285E864}.Debug|Any CPU.ActiveCfg = Debug|Any CPU
		{170FAF51-4DF1-4271-B843-3257D285E864}.Debug|Any CPU.Build.0 = Debug|Any CPU
		{170FAF51-4DF1-4271-B843-3257D285E864}.Release|Any CPU.ActiveCfg = Release|Any CPU
		{170FAF51-4DF1-4271-B843-3257D285E864}.Release|Any CPU.Build.0 = Release|Any CPU
	EndGlobalSection
EndGlobal
