
Microsoft Visual Studio Solution File, Format Version 12.00
# Visual Studio Version 16
VisualStudioVersion = 16.0.810.17
MinimumVisualStudioVersion = 10.0.40219.1
Project("{2150E333-8FDC-42A3-9474-1A3956D46DE8}") = "Solution Items", "Solution Items", "{9E75931F-4F3C-48A2-AD02-4AC6C5E8B6AB}"
	ProjectSection(SolutionItems) = preProject
		.editorconfig = .editorconfig
	EndProjectSection
EndProject
Project("{2150E333-8FDC-42A3-9474-1A3956D46DE8}") = "source", "source", "{28B99B69-39A4-4AC2-B3B4-801D1AEB3D07}"
EndProject
Project("{FAE04EC0-301F-11D3-BF4B-00C04F79EFBC}") = "AudienceNetwork", "source\AudienceNetwork\AudienceNetwork.csproj", "{1E332523-680A-4C41-AADD-50ADA2786627}"
EndProject
Project("{FAE04EC0-301F-11D3-BF4B-00C04F79EFBC}") = "FacebookSdks", "source\FacebookSdks\FacebookSdks.csproj", "{F7E43EF7-BD11-4DBF-94D1-60A0034F06E4}"
EndProject
Project("{FAE04EC0-301F-11D3-BF4B-00C04F79EFBC}") = "GamingServicesKit", "source\GamingServicesKit\GamingServicesKit.csproj", "{E3B6EDB8-3572-453F-B8D9-B2831FF82FA8}"
EndProject
Project("{FAE04EC0-301F-11D3-BF4B-00C04F79EFBC}") = "LoginKit", "source\LoginKit\LoginKit.csproj", "{A82DDD25-C2A1-4DD1-9880-55675073933E}"
EndProject
Project("{FAE04EC0-301F-11D3-BF4B-00C04F79EFBC}") = "ShareKit", "source\ShareKit\ShareKit.csproj", "{2ED9A859-744A-44BC-ABA4-8A29930E9B4B}"
EndProject
Project("{2150E333-8FDC-42A3-9474-1A3956D46DE8}") = "samples-using-source", "samples-using-source", "{5EDD5721-4655-4AD6-8AFF-175BBAB9B9FB}"
EndProject
Project("{FAE04EC0-301F-11D3-BF4B-00C04F79EFBC}") = "FacebookiOSSample", "samples\FacebookiOSSample\FacebookiOSSample.csproj", "{FB530EE3-BAED-46B1-9703-D33D85E58A92}"
EndProject
Project("{FAE04EC0-301F-11D3-BF4B-00C04F79EFBC}") = "FBAudienceNetworkSample", "samples\FBAudienceNetworkSample\FBAudienceNetworkSample.csproj", "{EDDC7A9A-9BB2-4C37-B85B-3D151079029E}"
EndProject
Project("{FAE04EC0-301F-11D3-BF4B-00C04F79EFBC}") = "HelloFacebook", "samples\HelloFacebook\HelloFacebook.csproj", "{F622F5FE-A71F-4A3E-B45C-2468DBAA406C}"
EndProject
Project("{FAE04EC0-301F-11D3-BF4B-00C04F79EFBC}") = "CoreKit", "source\CoreKit\CoreKit.csproj", "{9F027278-F37C-450B-96DB-99604829F70D}"
EndProject
Global
	GlobalSection(SolutionConfigurationPlatforms) = preSolution
		Debug|Any CPU = Debug|Any CPU
		Release|Any CPU = Release|Any CPU
		Debug|iPhoneSimulator = Debug|iPhoneSimulator
		Release|iPhone = Release|iPhone
		Release|iPhoneSimulator = Release|iPhoneSimulator
		Debug|iPhone = Debug|iPhone
		Ad-Hoc|iPhone = Ad-Hoc|iPhone
		AppStore|iPhone = AppStore|iPhone
	EndGlobalSection
	GlobalSection(ProjectConfigurationPlatforms) = postSolution
		{1E332523-680A-4C41-AADD-50ADA2786627}.Debug|Any CPU.ActiveCfg = Debug|Any CPU
		{1E332523-680A-4C41-AADD-50ADA2786627}.Debug|Any CPU.Build.0 = Debug|Any CPU
		{1E332523-680A-4C41-AADD-50ADA2786627}.Release|Any CPU.ActiveCfg = Release|Any CPU
		{1E332523-680A-4C41-AADD-50ADA2786627}.Release|Any CPU.Build.0 = Release|Any CPU
		{1E332523-680A-4C41-AADD-50ADA2786627}.Debug|iPhoneSimulator.ActiveCfg = Debug|Any CPU
		{1E332523-680A-4C41-AADD-50ADA2786627}.Debug|iPhoneSimulator.Build.0 = Debug|Any CPU
		{1E332523-680A-4C41-AADD-50ADA2786627}.Release|iPhone.ActiveCfg = Release|Any CPU
		{1E332523-680A-4C41-AADD-50ADA2786627}.Release|iPhone.Build.0 = Release|Any CPU
		{1E332523-680A-4C41-AADD-50ADA2786627}.Release|iPhoneSimulator.ActiveCfg = Release|Any CPU
		{1E332523-680A-4C41-AADD-50ADA2786627}.Release|iPhoneSimulator.Build.0 = Release|Any CPU
		{1E332523-680A-4C41-AADD-50ADA2786627}.Debug|iPhone.ActiveCfg = Debug|Any CPU
		{1E332523-680A-4C41-AADD-50ADA2786627}.Debug|iPhone.Build.0 = Debug|Any CPU
		{1E332523-680A-4C41-AADD-50ADA2786627}.Ad-Hoc|iPhone.ActiveCfg = Debug|Any CPU
		{1E332523-680A-4C41-AADD-50ADA2786627}.Ad-Hoc|iPhone.Build.0 = Debug|Any CPU
		{1E332523-680A-4C41-AADD-50ADA2786627}.AppStore|iPhone.ActiveCfg = Debug|Any CPU
		{1E332523-680A-4C41-AADD-50ADA2786627}.AppStore|iPhone.Build.0 = Debug|Any CPU
		{F7E43EF7-BD11-4DBF-94D1-60A0034F06E4}.Debug|Any CPU.ActiveCfg = Debug|Any CPU
		{F7E43EF7-BD11-4DBF-94D1-60A0034F06E4}.Debug|Any CPU.Build.0 = Debug|Any CPU
		{F7E43EF7-BD11-4DBF-94D1-60A0034F06E4}.Release|Any CPU.ActiveCfg = Release|Any CPU
		{F7E43EF7-BD11-4DBF-94D1-60A0034F06E4}.Release|Any CPU.Build.0 = Release|Any CPU
		{F7E43EF7-BD11-4DBF-94D1-60A0034F06E4}.Debug|iPhoneSimulator.ActiveCfg = Debug|Any CPU
		{F7E43EF7-BD11-4DBF-94D1-60A0034F06E4}.Debug|iPhoneSimulator.Build.0 = Debug|Any CPU
		{F7E43EF7-BD11-4DBF-94D1-60A0034F06E4}.Release|iPhone.ActiveCfg = Release|Any CPU
		{F7E43EF7-BD11-4DBF-94D1-60A0034F06E4}.Release|iPhone.Build.0 = Release|Any CPU
		{F7E43EF7-BD11-4DBF-94D1-60A0034F06E4}.Release|iPhoneSimulator.ActiveCfg = Release|Any CPU
		{F7E43EF7-BD11-4DBF-94D1-60A0034F06E4}.Release|iPhoneSimulator.Build.0 = Release|Any CPU
		{F7E43EF7-BD11-4DBF-94D1-60A0034F06E4}.Debug|iPhone.ActiveCfg = Debug|Any CPU
		{F7E43EF7-BD11-4DBF-94D1-60A0034F06E4}.Debug|iPhone.Build.0 = Debug|Any CPU
		{F7E43EF7-BD11-4DBF-94D1-60A0034F06E4}.Ad-Hoc|iPhone.ActiveCfg = Debug|Any CPU
		{F7E43EF7-BD11-4DBF-94D1-60A0034F06E4}.Ad-Hoc|iPhone.Build.0 = Debug|Any CPU
		{F7E43EF7-BD11-4DBF-94D1-60A0034F06E4}.AppStore|iPhone.ActiveCfg = Debug|Any CPU
		{F7E43EF7-BD11-4DBF-94D1-60A0034F06E4}.AppStore|iPhone.Build.0 = Debug|Any CPU
		{E3B6EDB8-3572-453F-B8D9-B2831FF82FA8}.Debug|Any CPU.ActiveCfg = Debug|Any CPU
		{E3B6EDB8-3572-453F-B8D9-B2831FF82FA8}.Debug|Any CPU.Build.0 = Debug|Any CPU
		{E3B6EDB8-3572-453F-B8D9-B2831FF82FA8}.Release|Any CPU.ActiveCfg = Release|Any CPU
		{E3B6EDB8-3572-453F-B8D9-B2831FF82FA8}.Release|Any CPU.Build.0 = Release|Any CPU
		{E3B6EDB8-3572-453F-B8D9-B2831FF82FA8}.Debug|iPhoneSimulator.ActiveCfg = Debug|Any CPU
		{E3B6EDB8-3572-453F-B8D9-B2831FF82FA8}.Debug|iPhoneSimulator.Build.0 = Debug|Any CPU
		{E3B6EDB8-3572-453F-B8D9-B2831FF82FA8}.Release|iPhone.ActiveCfg = Release|Any CPU
		{E3B6EDB8-3572-453F-B8D9-B2831FF82FA8}.Release|iPhone.Build.0 = Release|Any CPU
		{E3B6EDB8-3572-453F-B8D9-B2831FF82FA8}.Release|iPhoneSimulator.ActiveCfg = Release|Any CPU
		{E3B6EDB8-3572-453F-B8D9-B2831FF82FA8}.Release|iPhoneSimulator.Build.0 = Release|Any CPU
		{E3B6EDB8-3572-453F-B8D9-B2831FF82FA8}.Debug|iPhone.ActiveCfg = Debug|Any CPU
		{E3B6EDB8-3572-453F-B8D9-B2831FF82FA8}.Debug|iPhone.Build.0 = Debug|Any CPU
		{E3B6EDB8-3572-453F-B8D9-B2831FF82FA8}.Ad-Hoc|iPhone.ActiveCfg = Debug|Any CPU
		{E3B6EDB8-3572-453F-B8D9-B2831FF82FA8}.Ad-Hoc|iPhone.Build.0 = Debug|Any CPU
		{E3B6EDB8-3572-453F-B8D9-B2831FF82FA8}.AppStore|iPhone.ActiveCfg = Debug|Any CPU
		{E3B6EDB8-3572-453F-B8D9-B2831FF82FA8}.AppStore|iPhone.Build.0 = Debug|Any CPU
		{A82DDD25-C2A1-4DD1-9880-55675073933E}.Debug|Any CPU.ActiveCfg = Debug|Any CPU
		{A82DDD25-C2A1-4DD1-9880-55675073933E}.Debug|Any CPU.Build.0 = Debug|Any CPU
		{A82DDD25-C2A1-4DD1-9880-55675073933E}.Release|Any CPU.ActiveCfg = Release|Any CPU
		{A82DDD25-C2A1-4DD1-9880-55675073933E}.Release|Any CPU.Build.0 = Release|Any CPU
		{A82DDD25-C2A1-4DD1-9880-55675073933E}.Debug|iPhoneSimulator.ActiveCfg = Debug|Any CPU
		{A82DDD25-C2A1-4DD1-9880-55675073933E}.Debug|iPhoneSimulator.Build.0 = Debug|Any CPU
		{A82DDD25-C2A1-4DD1-9880-55675073933E}.Release|iPhone.ActiveCfg = Release|Any CPU
		{A82DDD25-C2A1-4DD1-9880-55675073933E}.Release|iPhone.Build.0 = Release|Any CPU
		{A82DDD25-C2A1-4DD1-9880-55675073933E}.Release|iPhoneSimulator.ActiveCfg = Release|Any CPU
		{A82DDD25-C2A1-4DD1-9880-55675073933E}.Release|iPhoneSimulator.Build.0 = Release|Any CPU
		{A82DDD25-C2A1-4DD1-9880-55675073933E}.Debug|iPhone.ActiveCfg = Debug|Any CPU
		{A82DDD25-C2A1-4DD1-9880-55675073933E}.Debug|iPhone.Build.0 = Debug|Any CPU
		{A82DDD25-C2A1-4DD1-9880-55675073933E}.Ad-Hoc|iPhone.ActiveCfg = Debug|Any CPU
		{A82DDD25-C2A1-4DD1-9880-55675073933E}.Ad-Hoc|iPhone.Build.0 = Debug|Any CPU
		{A82DDD25-C2A1-4DD1-9880-55675073933E}.AppStore|iPhone.ActiveCfg = Debug|Any CPU
		{A82DDD25-C2A1-4DD1-9880-55675073933E}.AppStore|iPhone.Build.0 = Debug|Any CPU
		{2ED9A859-744A-44BC-ABA4-8A29930E9B4B}.Debug|Any CPU.ActiveCfg = Debug|Any CPU
		{2ED9A859-744A-44BC-ABA4-8A29930E9B4B}.Debug|Any CPU.Build.0 = Debug|Any CPU
		{2ED9A859-744A-44BC-ABA4-8A29930E9B4B}.Release|Any CPU.ActiveCfg = Release|Any CPU
		{2ED9A859-744A-44BC-ABA4-8A29930E9B4B}.Release|Any CPU.Build.0 = Release|Any CPU
		{2ED9A859-744A-44BC-ABA4-8A29930E9B4B}.Debug|iPhoneSimulator.ActiveCfg = Debug|Any CPU
		{2ED9A859-744A-44BC-ABA4-8A29930E9B4B}.Debug|iPhoneSimulator.Build.0 = Debug|Any CPU
		{2ED9A859-744A-44BC-ABA4-8A29930E9B4B}.Release|iPhone.ActiveCfg = Release|Any CPU
		{2ED9A859-744A-44BC-ABA4-8A29930E9B4B}.Release|iPhone.Build.0 = Release|Any CPU
		{2ED9A859-744A-44BC-ABA4-8A29930E9B4B}.Release|iPhoneSimulator.ActiveCfg = Release|Any CPU
		{2ED9A859-744A-44BC-ABA4-8A29930E9B4B}.Release|iPhoneSimulator.Build.0 = Release|Any CPU
		{2ED9A859-744A-44BC-ABA4-8A29930E9B4B}.Debug|iPhone.ActiveCfg = Debug|Any CPU
		{2ED9A859-744A-44BC-ABA4-8A29930E9B4B}.Debug|iPhone.Build.0 = Debug|Any CPU
		{2ED9A859-744A-44BC-ABA4-8A29930E9B4B}.Ad-Hoc|iPhone.ActiveCfg = Debug|Any CPU
		{2ED9A859-744A-44BC-ABA4-8A29930E9B4B}.Ad-Hoc|iPhone.Build.0 = Debug|Any CPU
		{2ED9A859-744A-44BC-ABA4-8A29930E9B4B}.AppStore|iPhone.ActiveCfg = Debug|Any CPU
		{2ED9A859-744A-44BC-ABA4-8A29930E9B4B}.AppStore|iPhone.Build.0 = Debug|Any CPU
		{FB530EE3-BAED-46B1-9703-D33D85E58A92}.Debug|Any CPU.ActiveCfg = Debug|iPhoneSimulator
		{FB530EE3-BAED-46B1-9703-D33D85E58A92}.Debug|Any CPU.Build.0 = Debug|iPhoneSimulator
		{FB530EE3-BAED-46B1-9703-D33D85E58A92}.Release|Any CPU.ActiveCfg = Release|iPhone
		{FB530EE3-BAED-46B1-9703-D33D85E58A92}.Release|Any CPU.Build.0 = Release|iPhone
		{FB530EE3-BAED-46B1-9703-D33D85E58A92}.Debug|iPhoneSimulator.ActiveCfg = Debug|iPhoneSimulator
		{FB530EE3-BAED-46B1-9703-D33D85E58A92}.Debug|iPhoneSimulator.Build.0 = Debug|iPhoneSimulator
		{FB530EE3-BAED-46B1-9703-D33D85E58A92}.Release|iPhone.ActiveCfg = Release|iPhone
		{FB530EE3-BAED-46B1-9703-D33D85E58A92}.Release|iPhone.Build.0 = Release|iPhone
		{FB530EE3-BAED-46B1-9703-D33D85E58A92}.Release|iPhoneSimulator.ActiveCfg = Release|iPhoneSimulator
		{FB530EE3-BAED-46B1-9703-D33D85E58A92}.Release|iPhoneSimulator.Build.0 = Release|iPhoneSimulator
		{FB530EE3-BAED-46B1-9703-D33D85E58A92}.Debug|iPhone.ActiveCfg = Debug|iPhone
		{FB530EE3-BAED-46B1-9703-D33D85E58A92}.Debug|iPhone.Build.0 = Debug|iPhone
		{FB530EE3-BAED-46B1-9703-D33D85E58A92}.Ad-Hoc|iPhone.ActiveCfg = Release|iPhone
		{FB530EE3-BAED-46B1-9703-D33D85E58A92}.Ad-Hoc|iPhone.Build.0 = Release|iPhone
		{FB530EE3-BAED-46B1-9703-D33D85E58A92}.AppStore|iPhone.ActiveCfg = Release|iPhone
		{FB530EE3-BAED-46B1-9703-D33D85E58A92}.AppStore|iPhone.Build.0 = Release|iPhone
		{EDDC7A9A-9BB2-4C37-B85B-3D151079029E}.Debug|Any CPU.ActiveCfg = Debug|iPhoneSimulator
		{EDDC7A9A-9BB2-4C37-B85B-3D151079029E}.Debug|Any CPU.Build.0 = Debug|iPhoneSimulator
		{EDDC7A9A-9BB2-4C37-B85B-3D151079029E}.Release|Any CPU.ActiveCfg = Release|iPhone
		{EDDC7A9A-9BB2-4C37-B85B-3D151079029E}.Release|Any CPU.Build.0 = Release|iPhone
		{EDDC7A9A-9BB2-4C37-B85B-3D151079029E}.Debug|iPhoneSimulator.ActiveCfg = Debug|iPhoneSimulator
		{EDDC7A9A-9BB2-4C37-B85B-3D151079029E}.Debug|iPhoneSimulator.Build.0 = Debug|iPhoneSimulator
		{EDDC7A9A-9BB2-4C37-B85B-3D151079029E}.Release|iPhone.ActiveCfg = Release|iPhone
		{EDDC7A9A-9BB2-4C37-B85B-3D151079029E}.Release|iPhone.Build.0 = Release|iPhone
		{EDDC7A9A-9BB2-4C37-B85B-3D151079029E}.Release|iPhoneSimulator.ActiveCfg = Release|iPhoneSimulator
		{EDDC7A9A-9BB2-4C37-B85B-3D151079029E}.Release|iPhoneSimulator.Build.0 = Release|iPhoneSimulator
		{EDDC7A9A-9BB2-4C37-B85B-3D151079029E}.Debug|iPhone.ActiveCfg = Debug|iPhone
		{EDDC7A9A-9BB2-4C37-B85B-3D151079029E}.Debug|iPhone.Build.0 = Debug|iPhone
		{EDDC7A9A-9BB2-4C37-B85B-3D151079029E}.Ad-Hoc|iPhone.ActiveCfg = Ad-Hoc|iPhone
		{EDDC7A9A-9BB2-4C37-B85B-3D151079029E}.Ad-Hoc|iPhone.Build.0 = Ad-Hoc|iPhone
		{EDDC7A9A-9BB2-4C37-B85B-3D151079029E}.AppStore|iPhone.ActiveCfg = AppStore|iPhone
		{EDDC7A9A-9BB2-4C37-B85B-3D151079029E}.AppStore|iPhone.Build.0 = AppStore|iPhone
		{F622F5FE-A71F-4A3E-B45C-2468DBAA406C}.Debug|Any CPU.ActiveCfg = Debug|iPhoneSimulator
		{F622F5FE-A71F-4A3E-B45C-2468DBAA406C}.Debug|Any CPU.Build.0 = Debug|iPhoneSimulator
		{F622F5FE-A71F-4A3E-B45C-2468DBAA406C}.Release|Any CPU.ActiveCfg = Release|iPhone
		{F622F5FE-A71F-4A3E-B45C-2468DBAA406C}.Release|Any CPU.Build.0 = Release|iPhone
		{F622F5FE-A71F-4A3E-B45C-2468DBAA406C}.Debug|iPhoneSimulator.ActiveCfg = Debug|iPhoneSimulator
		{F622F5FE-A71F-4A3E-B45C-2468DBAA406C}.Debug|iPhoneSimulator.Build.0 = Debug|iPhoneSimulator
		{F622F5FE-A71F-4A3E-B45C-2468DBAA406C}.Release|iPhone.ActiveCfg = Release|iPhone
		{F622F5FE-A71F-4A3E-B45C-2468DBAA406C}.Release|iPhone.Build.0 = Release|iPhone
		{F622F5FE-A71F-4A3E-B45C-2468DBAA406C}.Release|iPhoneSimulator.ActiveCfg = Release|iPhoneSimulator
		{F622F5FE-A71F-4A3E-B45C-2468DBAA406C}.Release|iPhoneSimulator.Build.0 = Release|iPhoneSimulator
		{F622F5FE-A71F-4A3E-B45C-2468DBAA406C}.Debug|iPhone.ActiveCfg = Debug|iPhone
		{F622F5FE-A71F-4A3E-B45C-2468DBAA406C}.Debug|iPhone.Build.0 = Debug|iPhone
		{F622F5FE-A71F-4A3E-B45C-2468DBAA406C}.Ad-Hoc|iPhone.ActiveCfg = Release|iPhone
		{F622F5FE-A71F-4A3E-B45C-2468DBAA406C}.Ad-Hoc|iPhone.Build.0 = Release|iPhone
		{F622F5FE-A71F-4A3E-B45C-2468DBAA406C}.AppStore|iPhone.ActiveCfg = Release|iPhone
		{F622F5FE-A71F-4A3E-B45C-2468DBAA406C}.AppStore|iPhone.Build.0 = Release|iPhone
		{9F027278-F37C-450B-96DB-99604829F70D}.Debug|Any CPU.ActiveCfg = Debug|Any CPU
		{9F027278-F37C-450B-96DB-99604829F70D}.Debug|Any CPU.Build.0 = Debug|Any CPU
		{9F027278-F37C-450B-96DB-99604829F70D}.Release|Any CPU.ActiveCfg = Release|Any CPU
		{9F027278-F37C-450B-96DB-99604829F70D}.Release|Any CPU.Build.0 = Release|Any CPU
		{9F027278-F37C-450B-96DB-99604829F70D}.Debug|iPhoneSimulator.ActiveCfg = Debug|Any CPU
		{9F027278-F37C-450B-96DB-99604829F70D}.Debug|iPhoneSimulator.Build.0 = Debug|Any CPU
		{9F027278-F37C-450B-96DB-99604829F70D}.Release|iPhone.ActiveCfg = Release|Any CPU
		{9F027278-F37C-450B-96DB-99604829F70D}.Release|iPhone.Build.0 = Release|Any CPU
		{9F027278-F37C-450B-96DB-99604829F70D}.Release|iPhoneSimulator.ActiveCfg = Release|Any CPU
		{9F027278-F37C-450B-96DB-99604829F70D}.Release|iPhoneSimulator.Build.0 = Release|Any CPU
		{9F027278-F37C-450B-96DB-99604829F70D}.Debug|iPhone.ActiveCfg = Debug|Any CPU
		{9F027278-F37C-450B-96DB-99604829F70D}.Debug|iPhone.Build.0 = Debug|Any CPU
		{9F027278-F37C-450B-96DB-99604829F70D}.Ad-Hoc|iPhone.ActiveCfg = Release|Any CPU
		{9F027278-F37C-450B-96DB-99604829F70D}.Ad-Hoc|iPhone.Build.0 = Release|Any CPU
		{9F027278-F37C-450B-96DB-99604829F70D}.AppStore|iPhone.ActiveCfg = Release|Any CPU
		{9F027278-F37C-450B-96DB-99604829F70D}.AppStore|iPhone.Build.0 = Release|Any CPU
	EndGlobalSection
	GlobalSection(SolutionProperties) = preSolution
		HideSolutionNode = FALSE
	EndGlobalSection
	GlobalSection(ExtensibilityGlobals) = postSolution
		SolutionGuid = {4F9AC114-B4F1-41EF-9E01-E2B3184C1366}
	EndGlobalSection
	GlobalSection(NestedProjects) = preSolution
		{1E332523-680A-4C41-AADD-50ADA2786627} = {28B99B69-39A4-4AC2-B3B4-801D1AEB3D07}
		{F7E43EF7-BD11-4DBF-94D1-60A0034F06E4} = {28B99B69-39A4-4AC2-B3B4-801D1AEB3D07}
		{E3B6EDB8-3572-453F-B8D9-B2831FF82FA8} = {28B99B69-39A4-4AC2-B3B4-801D1AEB3D07}
		{A82DDD25-C2A1-4DD1-9880-55675073933E} = {28B99B69-39A4-4AC2-B3B4-801D1AEB3D07}
		{2ED9A859-744A-44BC-ABA4-8A29930E9B4B} = {28B99B69-39A4-4AC2-B3B4-801D1AEB3D07}
		{FB530EE3-BAED-46B1-9703-D33D85E58A92} = {5EDD5721-4655-4AD6-8AFF-175BBAB9B9FB}
		{EDDC7A9A-9BB2-4C37-B85B-3D151079029E} = {5EDD5721-4655-4AD6-8AFF-175BBAB9B9FB}
		{F622F5FE-A71F-4A3E-B45C-2468DBAA406C} = {5EDD5721-4655-4AD6-8AFF-175BBAB9B9FB}
		{9F027278-F37C-450B-96DB-99604829F70D} = {28B99B69-39A4-4AC2-B3B4-801D1AEB3D07}
	EndGlobalSection
EndGlobal
