
Microsoft Visual Studio Solution File, Format Version 12.00
# Visual Studio 2012
Project("{FAE04EC0-301F-11D3-BF4B-00C04F79EFBC}") = "CoreKitSample", "CoreKitSample\CoreKitSample.csproj", "{4E7EA6F8-18F8-4321-93B0-565EB1840027}"
EndProject
Project("{FAE04EC0-301F-11D3-BF4B-00C04F79EFBC}") = "Facebook.CoreKit", "..\..\source\Facebook.CoreKit\Facebook.CoreKit.csproj", "{5B88D7C7-6E76-4D0D-8DBE-B3F0A5D6B8A0}"
EndProject
Global
	GlobalSection(SolutionConfigurationPlatforms) = preSolution
		Debug|iPhoneSimulator = Debug|iPhoneSimulator
		Release|iPhone = Release|iPhone
		Release|iPhoneSimulator = Release|iPhoneSimulator
		Debug|iPhone = Debug|iPhone
	EndGlobalSection
	GlobalSection(ProjectConfigurationPlatforms) = postSolution
		{4E7EA6F8-18F8-4321-93B0-565EB1840027}.Debug|iPhoneSimulator.ActiveCfg = Debug|iPhoneSimulator
		{4E7EA6F8-18F8-4321-93B0-565EB1840027}.Debug|iPhoneSimulator.Build.0 = Debug|iPhoneSimulator
		{4E7EA6F8-18F8-4321-93B0-565EB1840027}.Release|iPhone.ActiveCfg = Release|iPhone
		{4E7EA6F8-18F8-4321-93B0-565EB1840027}.Release|iPhone.Build.0 = Release|iPhone
		{4E7EA6F8-18F8-4321-93B0-565EB1840027}.Release|iPhoneSimulator.ActiveCfg = Release|iPhoneSimulator
		{4E7EA6F8-18F8-4321-93B0-565EB1840027}.Release|iPhoneSimulator.Build.0 = Release|iPhoneSimulator
		{4E7EA6F8-18F8-4321-93B0-565EB1840027}.Debug|iPhone.ActiveCfg = Debug|iPhone
		{4E7EA6F8-18F8-4321-93B0-565EB1840027}.Debug|iPhone.Build.0 = Debug|iPhone
		{5B88D7C7-6E76-4D0D-8DBE-B3F0A5D6B8A0}.Debug|iPhoneSimulator.ActiveCfg = Debug|Any CPU
		{5B88D7C7-6E76-4D0D-8DBE-B3F0A5D6B8A0}.Debug|iPhoneSimulator.Build.0 = Debug|Any CPU
		{5B88D7C7-6E76-4D0D-8DBE-B3F0A5D6B8A0}.Release|iPhone.ActiveCfg = Release|Any CPU
		{5B88D7C7-6E76-4D0D-8DBE-B3F0A5D6B8A0}.Release|iPhone.Build.0 = Release|Any CPU
		{5B88D7C7-6E76-4D0D-8DBE-B3F0A5D6B8A0}.Release|iPhoneSimulator.ActiveCfg = Release|Any CPU
		{5B88D7C7-6E76-4D0D-8DBE-B3F0A5D6B8A0}.Release|iPhoneSimulator.Build.0 = Release|Any CPU
		{5B88D7C7-6E76-4D0D-8DBE-B3F0A5D6B8A0}.Debug|iPhone.ActiveCfg = Debug|Any CPU
		{5B88D7C7-6E76-4D0D-8DBE-B3F0A5D6B8A0}.Debug|iPhone.Build.0 = Debug|Any CPU
	EndGlobalSection
EndGlobal
