
Microsoft Visual Studio Solution File, Format Version 11.00
# Visual Studio 2010
Project("{FAE04EC0-301F-11D3-BF4B-00C04F79EFBC}") = "facebook-core", "facebook-core\facebook-core.csproj", "{47FE61D7-0831-4B59-84EA-C43B0261122B}"
EndProject
Project("{FAE04EC0-301F-11D3-BF4B-00C04F79EFBC}") = "facebook-common", "facebook-common\facebook-common.csproj", "{372EFE72-CF90-4305-B3C5-B1E49E7400C7}"
EndProject
Project("{FAE04EC0-301F-11D3-BF4B-00C04F79EFBC}") = "facebook-applinks", "facebook-applinks\facebook-applinks.csproj", "{B0428848-83F1-4D7A-BB0A-55147FD38C5E}"
EndProject
Project("{FAE04EC0-301F-11D3-BF4B-00C04F79EFBC}") = "facebook-login", "facebook-login\facebook-login.csproj", "{7D0A3F00-440F-421A-902C-564F4D708601}"
EndProject
Project("{FAE04EC0-301F-11D3-BF4B-00C04F79EFBC}") = "facebook-messenger", "facebook-messenger\facebook-messenger.csproj", "{EF79652D-FBDC-462D-B656-5CFB3D8E50ED}"
EndProject
Project("{FAE04EC0-301F-11D3-BF4B-00C04F79EFBC}") = "facebook-share", "facebook-share\facebook-share.csproj", "{32E22A35-5DA2-44F5-8CD7-41CA8B982AA5}"
EndProject
Project("{FAE04EC0-301F-11D3-BF4B-00C04F79EFBC}") = "facebook-android-sdk", "facebook-android-sdk\facebook-android-sdk.csproj", "{4999C6FD-2D39-4A24-867A-0AE552F70FF1}"
EndProject
Project("{FAE04EC0-301F-11D3-BF4B-00C04F79EFBC}") = "facebook-gamingservices", "facebook-gamingservices\facebook-gamingservices.csproj", "{EDDE0F66-2532-4FDE-99AF-3C4DF72DF052}"
EndProject
Global
	GlobalSection(SolutionConfigurationPlatforms) = preSolution
		Debug|Any CPU = Debug|Any CPU
		Release|Any CPU = Release|Any CPU
	EndGlobalSection
	GlobalSection(ProjectConfigurationPlatforms) = postSolution
		{47FE61D7-0831-4B59-84EA-C43B0261122B}.Debug|Any CPU.ActiveCfg = Debug|Any CPU
		{47FE61D7-0831-4B59-84EA-C43B0261122B}.Debug|Any CPU.Build.0 = Debug|Any CPU
		{47FE61D7-0831-4B59-84EA-C43B0261122B}.Release|Any CPU.ActiveCfg = Release|Any CPU
		{47FE61D7-0831-4B59-84EA-C43B0261122B}.Release|Any CPU.Build.0 = Release|Any CPU
		{372EFE72-CF90-4305-B3C5-B1E49E7400C7}.Debug|Any CPU.ActiveCfg = Debug|Any CPU
		{372EFE72-CF90-4305-B3C5-B1E49E7400C7}.Debug|Any CPU.Build.0 = Debug|Any CPU
		{372EFE72-CF90-4305-B3C5-B1E49E7400C7}.Release|Any CPU.ActiveCfg = Release|Any CPU
		{372EFE72-CF90-4305-B3C5-B1E49E7400C7}.Release|Any CPU.Build.0 = Release|Any CPU
		{B0428848-83F1-4D7A-BB0A-55147FD38C5E}.Debug|Any CPU.ActiveCfg = Debug|Any CPU
		{B0428848-83F1-4D7A-BB0A-55147FD38C5E}.Debug|Any CPU.Build.0 = Debug|Any CPU
		{B0428848-83F1-4D7A-BB0A-55147FD38C5E}.Release|Any CPU.ActiveCfg = Release|Any CPU
		{B0428848-83F1-4D7A-BB0A-55147FD38C5E}.Release|Any CPU.Build.0 = Release|Any CPU
		{7D0A3F00-440F-421A-902C-564F4D708601}.Debug|Any CPU.ActiveCfg = Debug|Any CPU
		{7D0A3F00-440F-421A-902C-564F4D708601}.Debug|Any CPU.Build.0 = Debug|Any CPU
		{7D0A3F00-440F-421A-902C-564F4D708601}.Release|Any CPU.ActiveCfg = Release|Any CPU
		{7D0A3F00-440F-421A-902C-564F4D708601}.Release|Any CPU.Build.0 = Release|Any CPU
		{EF79652D-FBDC-462D-B656-5CFB3D8E50ED}.Debug|Any CPU.ActiveCfg = Debug|Any CPU
		{EF79652D-FBDC-462D-B656-5CFB3D8E50ED}.Debug|Any CPU.Build.0 = Debug|Any CPU
		{EF79652D-FBDC-462D-B656-5CFB3D8E50ED}.Release|Any CPU.ActiveCfg = Release|Any CPU
		{EF79652D-FBDC-462D-B656-5CFB3D8E50ED}.Release|Any CPU.Build.0 = Release|Any CPU
		{32E22A35-5DA2-44F5-8CD7-41CA8B982AA5}.Debug|Any CPU.ActiveCfg = Debug|Any CPU
		{32E22A35-5DA2-44F5-8CD7-41CA8B982AA5}.Debug|Any CPU.Build.0 = Debug|Any CPU
		{32E22A35-5DA2-44F5-8CD7-41CA8B982AA5}.Release|Any CPU.ActiveCfg = Release|Any CPU
		{32E22A35-5DA2-44F5-8CD7-41CA8B982AA5}.Release|Any CPU.Build.0 = Release|Any CPU
		{4999C6FD-2D39-4A24-867A-0AE552F70FF1}.Debug|Any CPU.ActiveCfg = Debug|Any CPU
		{4999C6FD-2D39-4A24-867A-0AE552F70FF1}.Debug|Any CPU.Build.0 = Debug|Any CPU
		{4999C6FD-2D39-4A24-867A-0AE552F70FF1}.Release|Any CPU.ActiveCfg = Release|Any CPU
		{4999C6FD-2D39-4A24-867A-0AE552F70FF1}.Release|Any CPU.Build.0 = Release|Any CPU
		{EDDE0F66-2532-4FDE-99AF-3C4DF72DF052}.Debug|Any CPU.ActiveCfg = Debug|Any CPU
		{EDDE0F66-2532-4FDE-99AF-3C4DF72DF052}.Debug|Any CPU.Build.0 = Debug|Any CPU
		{EDDE0F66-2532-4FDE-99AF-3C4DF72DF052}.Release|Any CPU.ActiveCfg = Release|Any CPU
		{EDDE0F66-2532-4FDE-99AF-3C4DF72DF052}.Release|Any CPU.Build.0 = Release|Any CPU
	EndGlobalSection
EndGlobal
