
Microsoft Visual Studio Solution File, Format Version 12.00
# Visual Studio 15
VisualStudioVersion = 15.0.27428.2005
MinimumVisualStudioVersion = 10.0.40219.1
Project("{FAE04EC0-301F-11D3-BF4B-00C04F79EFBC}") = "Xamarin.Facebook", "source\Xamarin.Facebook\Xamarin.Facebook.csproj", "{33B8DF4F-E480-4B97-8DA1-BEB89CA6B644}"
EndProject
Project("{FAE04EC0-301F-11D3-BF4B-00C04F79EFBC}") = "Xamarin.Facebook.AudienceNetwork", "source\Xamarin.Facebook.AudienceNetwork\Xamarin.Facebook.AudienceNetwork.csproj", "{31835D38-4EB1-40EF-98B5-0AE73E24A803}"
EndProject
Project("{FAE04EC0-301F-11D3-BF4B-00C04F79EFBC}") = "Xamarin.Facebook.AccountKit", "source\Xamarin.Facebook.AccountKit\Xamarin.Facebook.AccountKit.csproj", "{D8D26D33-F5F0-4597-B0A6-B1B3A97C8502}"
EndProject
Global
	GlobalSection(SolutionConfigurationPlatforms) = preSolution
		Debug|Any CPU = Debug|Any CPU
		Release|Any CPU = Release|Any CPU
	EndGlobalSection
	GlobalSection(ProjectConfigurationPlatforms) = postSolution
		{33B8DF4F-E480-4B97-8DA1-BEB89CA6B644}.Debug|Any CPU.ActiveCfg = Debug|Any CPU
		{33B8DF4F-E480-4B97-8DA1-BEB89CA6B644}.Debug|Any CPU.Build.0 = Debug|Any CPU
		{33B8DF4F-E480-4B97-8DA1-BEB89CA6B644}.Release|Any CPU.ActiveCfg = Release|Any CPU
		{33B8DF4F-E480-4B97-8DA1-BEB89CA6B644}.Release|Any CPU.Build.0 = Release|Any CPU
		{31835D38-4EB1-40EF-98B5-0AE73E24A803}.Debug|Any CPU.ActiveCfg = Debug|Any CPU
		{31835D38-4EB1-40EF-98B5-0AE73E24A803}.Debug|Any CPU.Build.0 = Debug|Any CPU
		{31835D38-4EB1-40EF-98B5-0AE73E24A803}.Release|Any CPU.ActiveCfg = Release|Any CPU
		{31835D38-4EB1-40EF-98B5-0AE73E24A803}.Release|Any CPU.Build.0 = Release|Any CPU
		{D8D26D33-F5F0-4597-B0A6-B1B3A97C8502}.Debug|Any CPU.ActiveCfg = Debug|Any CPU
		{D8D26D33-F5F0-4597-B0A6-B1B3A97C8502}.Debug|Any CPU.Build.0 = Debug|Any CPU
		{D8D26D33-F5F0-4597-B0A6-B1B3A97C8502}.Release|Any CPU.ActiveCfg = Release|Any CPU
		{D8D26D33-F5F0-4597-B0A6-B1B3A97C8502}.Release|Any CPU.Build.0 = Release|Any CPU
	EndGlobalSection
	GlobalSection(SolutionProperties) = preSolution
		HideSolutionNode = FALSE
	EndGlobalSection
	GlobalSection(ExtensibilityGlobals) = postSolution
		SolutionGuid = {C8352617-C8A1-43B7-918D-CB030B2672D7}
	EndGlobalSection
EndGlobal
