
Microsoft Visual Studio Solution File, Format Version 12.00
# Visual Studio 2012
Project("{FAE04EC0-301F-11D3-BF4B-00C04F79EFBC}") = "MarketingKitSample", "MarketingKitSample\MarketingKitSample.csproj", "{40637347-BC17-4F5C-B59A-A4D13183A879}"
EndProject
Project("{FAE04EC0-301F-11D3-BF4B-00C04F79EFBC}") = "Facebook.CoreKit", "..\..\..\CoreKit\source\Facebook.CoreKit\Facebook.CoreKit.csproj", "{5B88D7C7-6E76-4D0D-8DBE-B3F0A5D6B8A0}"
EndProject
Project("{FAE04EC0-301F-11D3-BF4B-00C04F79EFBC}") = "Facebook.MarketingKit", "..\..\source\Facebook.MarketingKit\Facebook.MarketingKit.csproj", "{6ADBEE9E-5804-4362-85E9-811024EFAA15}"
EndProject
Global
	GlobalSection(SolutionConfigurationPlatforms) = preSolution
		Debug|iPhoneSimulator = Debug|iPhoneSimulator
		Release|iPhone = Release|iPhone
		Release|iPhoneSimulator = Release|iPhoneSimulator
		Debug|iPhone = Debug|iPhone
	EndGlobalSection
	GlobalSection(ProjectConfigurationPlatforms) = postSolution
		{40637347-BC17-4F5C-B59A-A4D13183A879}.Debug|iPhoneSimulator.ActiveCfg = Debug|iPhoneSimulator
		{40637347-BC17-4F5C-B59A-A4D13183A879}.Debug|iPhoneSimulator.Build.0 = Debug|iPhoneSimulator
		{40637347-BC17-4F5C-B59A-A4D13183A879}.Release|iPhone.ActiveCfg = Release|iPhone
		{40637347-BC17-4F5C-B59A-A4D13183A879}.Release|iPhone.Build.0 = Release|iPhone
		{40637347-BC17-4F5C-B59A-A4D13183A879}.Release|iPhoneSimulator.ActiveCfg = Release|iPhoneSimulator
		{40637347-BC17-4F5C-B59A-A4D13183A879}.Release|iPhoneSimulator.Build.0 = Release|iPhoneSimulator
		{40637347-BC17-4F5C-B59A-A4D13183A879}.Debug|iPhone.ActiveCfg = Debug|iPhone
		{40637347-BC17-4F5C-B59A-A4D13183A879}.Debug|iPhone.Build.0 = Debug|iPhone
		{5B88D7C7-6E76-4D0D-8DBE-B3F0A5D6B8A0}.Debug|iPhoneSimulator.ActiveCfg = Debug|Any CPU
		{5B88D7C7-6E76-4D0D-8DBE-B3F0A5D6B8A0}.Debug|iPhoneSimulator.Build.0 = Debug|Any CPU
		{5B88D7C7-6E76-4D0D-8DBE-B3F0A5D6B8A0}.Release|iPhone.ActiveCfg = Release|Any CPU
		{5B88D7C7-6E76-4D0D-8DBE-B3F0A5D6B8A0}.Release|iPhone.Build.0 = Release|Any CPU
		{5B88D7C7-6E76-4D0D-8DBE-B3F0A5D6B8A0}.Release|iPhoneSimulator.ActiveCfg = Release|Any CPU
		{5B88D7C7-6E76-4D0D-8DBE-B3F0A5D6B8A0}.Release|iPhoneSimulator.Build.0 = Release|Any CPU
		{5B88D7C7-6E76-4D0D-8DBE-B3F0A5D6B8A0}.Debug|iPhone.ActiveCfg = Debug|Any CPU
		{5B88D7C7-6E76-4D0D-8DBE-B3F0A5D6B8A0}.Debug|iPhone.Build.0 = Debug|Any CPU
		{6ADBEE9E-5804-4362-85E9-811024EFAA15}.Debug|iPhoneSimulator.ActiveCfg = Debug|Any CPU
		{6ADBEE9E-5804-4362-85E9-811024EFAA15}.Debug|iPhoneSimulator.Build.0 = Debug|Any CPU
		{6ADBEE9E-5804-4362-85E9-811024EFAA15}.Release|iPhone.ActiveCfg = Release|Any CPU
		{6ADBEE9E-5804-4362-85E9-811024EFAA15}.Release|iPhone.Build.0 = Release|Any CPU
		{6ADBEE9E-5804-4362-85E9-811024EFAA15}.Release|iPhoneSimulator.ActiveCfg = Release|Any CPU
		{6ADBEE9E-5804-4362-85E9-811024EFAA15}.Release|iPhoneSimulator.Build.0 = Release|Any CPU
		{6ADBEE9E-5804-4362-85E9-811024EFAA15}.Debug|iPhone.ActiveCfg = Debug|Any CPU
		{6ADBEE9E-5804-4362-85E9-811024EFAA15}.Debug|iPhone.Build.0 = Debug|Any CPU
	EndGlobalSection
EndGlobal
