
Microsoft Visual Studio Solution File, Format Version 12.00
# Visual Studio 2012
Project("{FAE04EC0-301F-11D3-BF4B-00C04F79EFBC}") = "LoginKitSample", "LoginKitSample\LoginKitSample.csproj", "{DC6DA776-1B93-4F39-BAF2-B3140E3185F7}"
EndProject
Project("{FAE04EC0-301F-11D3-BF4B-00C04F79EFBC}") = "Facebook.CoreKit", "..\..\..\CoreKit\source\Facebook.CoreKit\Facebook.CoreKit.csproj", "{5B88D7C7-6E76-4D0D-8DBE-B3F0A5D6B8A0}"
EndProject
Project("{FAE04EC0-301F-11D3-BF4B-00C04F79EFBC}") = "Facebook.LoginKit", "..\..\source\Facebook.LoginKit\Facebook.LoginKit.csproj", "{8C6EFD7E-1512-4976-8E47-CF189BF6CB90}"
EndProject
Global
	GlobalSection(SolutionConfigurationPlatforms) = preSolution
		Debug|iPhoneSimulator = Debug|iPhoneSimulator
		Release|iPhone = Release|iPhone
		Release|iPhoneSimulator = Release|iPhoneSimulator
		Debug|iPhone = Debug|iPhone
	EndGlobalSection
	GlobalSection(ProjectConfigurationPlatforms) = postSolution
		{DC6DA776-1B93-4F39-BAF2-B3140E3185F7}.Debug|iPhoneSimulator.ActiveCfg = Debug|iPhoneSimulator
		{DC6DA776-1B93-4F39-BAF2-B3140E3185F7}.Debug|iPhoneSimulator.Build.0 = Debug|iPhoneSimulator
		{DC6DA776-1B93-4F39-BAF2-B3140E3185F7}.Release|iPhone.ActiveCfg = Release|iPhone
		{DC6DA776-1B93-4F39-BAF2-B3140E3185F7}.Release|iPhone.Build.0 = Release|iPhone
		{DC6DA776-1B93-4F39-BAF2-B3140E3185F7}.Release|iPhoneSimulator.ActiveCfg = Release|iPhoneSimulator
		{DC6DA776-1B93-4F39-BAF2-B3140E3185F7}.Release|iPhoneSimulator.Build.0 = Release|iPhoneSimulator
		{DC6DA776-1B93-4F39-BAF2-B3140E3185F7}.Debug|iPhone.ActiveCfg = Debug|iPhone
		{DC6DA776-1B93-4F39-BAF2-B3140E3185F7}.Debug|iPhone.Build.0 = Debug|iPhone
		{5B88D7C7-6E76-4D0D-8DBE-B3F0A5D6B8A0}.Debug|iPhoneSimulator.ActiveCfg = Debug|Any CPU
		{5B88D7C7-6E76-4D0D-8DBE-B3F0A5D6B8A0}.Debug|iPhoneSimulator.Build.0 = Debug|Any CPU
		{5B88D7C7-6E76-4D0D-8DBE-B3F0A5D6B8A0}.Release|iPhone.ActiveCfg = Release|Any CPU
		{5B88D7C7-6E76-4D0D-8DBE-B3F0A5D6B8A0}.Release|iPhone.Build.0 = Release|Any CPU
		{5B88D7C7-6E76-4D0D-8DBE-B3F0A5D6B8A0}.Release|iPhoneSimulator.ActiveCfg = Release|Any CPU
		{5B88D7C7-6E76-4D0D-8DBE-B3F0A5D6B8A0}.Release|iPhoneSimulator.Build.0 = Release|Any CPU
		{5B88D7C7-6E76-4D0D-8DBE-B3F0A5D6B8A0}.Debug|iPhone.ActiveCfg = Debug|Any CPU
		{5B88D7C7-6E76-4D0D-8DBE-B3F0A5D6B8A0}.Debug|iPhone.Build.0 = Debug|Any CPU
		{8C6EFD7E-1512-4976-8E47-CF189BF6CB90}.Debug|iPhoneSimulator.ActiveCfg = Debug|Any CPU
		{8C6EFD7E-1512-4976-8E47-CF189BF6CB90}.Debug|iPhoneSimulator.Build.0 = Debug|Any CPU
		{8C6EFD7E-1512-4976-8E47-CF189BF6CB90}.Release|iPhone.ActiveCfg = Release|Any CPU
		{8C6EFD7E-1512-4976-8E47-CF189BF6CB90}.Release|iPhone.Build.0 = Release|Any CPU
		{8C6EFD7E-1512-4976-8E47-CF189BF6CB90}.Release|iPhoneSimulator.ActiveCfg = Release|Any CPU
		{8C6EFD7E-1512-4976-8E47-CF189BF6CB90}.Release|iPhoneSimulator.Build.0 = Release|Any CPU
		{8C6EFD7E-1512-4976-8E47-CF189BF6CB90}.Debug|iPhone.ActiveCfg = Debug|Any CPU
		{8C6EFD7E-1512-4976-8E47-CF189BF6CB90}.Debug|iPhone.Build.0 = Debug|Any CPU
	EndGlobalSection
EndGlobal
